// !$*UTF8*$!
{
	archiveVersion = 1;
	classes = {
	};
	objectVersion = 46;
	objects = {

/* Begin PBXBuildFile section */
		410859F31C1EEC8D008CA41F /* calender.json in Resources */ = {isa = PBXBuildFile; fileRef = 410859F21C1EEC8D008CA41F /* calender.json */; };
		411D706C1C183BEA00507456 /* inputDict.json in Resources */ = {isa = PBXBuildFile; fileRef = 411D706B1C183BEA00507456 /* inputDict.json */; };
		413FD0841C2D0C000070E766 /* libsqlite3.0.tbd in Frameworks */ = {isa = PBXBuildFile; fileRef = 413FD0831C2D0C000070E766 /* libsqlite3.0.tbd */; };
		413FD0871C2D0E0A0070E766 /* TYSQLite.m in Sources */ = {isa = PBXBuildFile; fileRef = 413FD0861C2D0E0A0070E766 /* TYSQLite.m */; settings = {COMPILER_FLAGS = "-fno-objc-arc"; }; };
		414D67F41C1D2732003A14AE /* LGCalendar.m in Sources */ = {isa = PBXBuildFile; fileRef = 414D67E91C1D2732003A14AE /* LGCalendar.m */; };
		414D67F51C1D2732003A14AE /* LGCalendarButton.m in Sources */ = {isa = PBXBuildFile; fileRef = 414D67EB1C1D2732003A14AE /* LGCalendarButton.m */; };
		414D67F61C1D2732003A14AE /* LGCalendarCell.m in Sources */ = {isa = PBXBuildFile; fileRef = 414D67ED1C1D2732003A14AE /* LGCalendarCell.m */; };
		414D67F71C1D2732003A14AE /* LGCalendarHeadView.m in Sources */ = {isa = PBXBuildFile; fileRef = 414D67EF1C1D2732003A14AE /* LGCalendarHeadView.m */; };
		414D67F81C1D2732003A14AE /* NSDate+calender.m in Sources */ = {isa = PBXBuildFile; fileRef = 414D67F11C1D2732003A14AE /* NSDate+calender.m */; };
		414D67F91C1D2732003A14AE /* UIVew+LGExtension.m in Sources */ = {isa = PBXBuildFile; fileRef = 414D67F31C1D2732003A14AE /* UIVew+LGExtension.m */; };
		416D46301C2CC476003D36A5 /* Reachability.m in Sources */ = {isa = PBXBuildFile; fileRef = 416D462F1C2CC476003D36A5 /* Reachability.m */; settings = {COMPILER_FLAGS = "-fno-objc-arc"; }; };
		416D46321C2CCACD003D36A5 /* libz.1.2.5.tbd in Frameworks */ = {isa = PBXBuildFile; fileRef = 416D46311C2CCACD003D36A5 /* libz.1.2.5.tbd */; };
		4170FD751C18302500300602 /* main.m in Sources */ = {isa = PBXBuildFile; fileRef = 4170FD741C18302500300602 /* main.m */; };
		4170FD781C18302500300602 /* AppDelegate.m in Sources */ = {isa = PBXBuildFile; fileRef = 4170FD771C18302500300602 /* AppDelegate.m */; };
		4170FD7B1C18302500300602 /* FirstViewController.m in Sources */ = {isa = PBXBuildFile; fileRef = 4170FD7A1C18302500300602 /* FirstViewController.m */; settings = {COMPILER_FLAGS = "-fno-objc-arc"; }; };
		4170FD7E1C18302500300602 /* HistoryDataTVController.m in Sources */ = {isa = PBXBuildFile; fileRef = 4170FD7D1C18302500300602 /* HistoryDataTVController.m */; };
		4170FD811C18302500300602 /* Main.storyboard in Resources */ = {isa = PBXBuildFile; fileRef = 4170FD7F1C18302500300602 /* Main.storyboard */; };
		4170FD831C18302500300602 /* Assets.xcassets in Resources */ = {isa = PBXBuildFile; fileRef = 4170FD821C18302500300602 /* Assets.xcassets */; };
		4170FD861C18302500300602 /* LaunchScreen.storyboard in Resources */ = {isa = PBXBuildFile; fileRef = 4170FD841C18302500300602 /* LaunchScreen.storyboard */; };
		4170FD911C18302500300602 /* TonyYangTests.m in Sources */ = {isa = PBXBuildFile; fileRef = 4170FD901C18302500300602 /* TonyYangTests.m */; };
		4170FD9C1C18302500300602 /* TonyYangUITests.m in Sources */ = {isa = PBXBuildFile; fileRef = 4170FD9B1C18302500300602 /* TonyYangUITests.m */; };
		4170FDAB1C1833C900300602 /* DetailTVController.m in Sources */ = {isa = PBXBuildFile; fileRef = 4170FDAA1C1833C900300602 /* DetailTVController.m */; };
		4170FDAE1C18344100300602 /* TYhelper.m in Sources */ = {isa = PBXBuildFile; fileRef = 4170FDAD1C18344100300602 /* TYhelper.m */; settings = {COMPILER_FLAGS = "-fno-objc-arc"; }; };
		417D38061C2E73220077E1D3 /* NotePad.m in Sources */ = {isa = PBXBuildFile; fileRef = 417D38051C2E73220077E1D3 /* NotePad.m */; };
		41A30E0C1C26682C009DC7A8 /* ActionsTVController.m in Sources */ = {isa = PBXBuildFile; fileRef = 41A30E0B1C26682C009DC7A8 /* ActionsTVController.m */; };
		41A30E491C26D992009DC7A8 /* ActionDetailTVController.m in Sources */ = {isa = PBXBuildFile; fileRef = 41A30E481C26D992009DC7A8 /* ActionDetailTVController.m */; settings = {COMPILER_FLAGS = "-fno-objc-arc"; }; };
		41A64BE21C337B90005C8A02 /* ModifyDetailTVController.m in Sources */ = {isa = PBXBuildFile; fileRef = 41A64BE11C337B90005C8A02 /* ModifyDetailTVController.m */; };
		41B31B911C2AC50A008FF894 /* ASIAuthenticationDialog.m in Sources */ = {isa = PBXBuildFile; fileRef = 41B31B401C2AC50A008FF894 /* ASIAuthenticationDialog.m */; settings = {COMPILER_FLAGS = "-fno-objc-arc"; }; };
		41B31B921C2AC50A008FF894 /* ASIDataCompressor.m in Sources */ = {isa = PBXBuildFile; fileRef = 41B31B431C2AC50A008FF894 /* ASIDataCompressor.m */; settings = {COMPILER_FLAGS = "-fno-objc-arc"; }; };
		41B31B931C2AC50A008FF894 /* ASIDataDecompressor.m in Sources */ = {isa = PBXBuildFile; fileRef = 41B31B451C2AC50A008FF894 /* ASIDataDecompressor.m */; settings = {COMPILER_FLAGS = "-fno-objc-arc"; }; };
		41B31B941C2AC50A008FF894 /* ASIDownloadCache.m in Sources */ = {isa = PBXBuildFile; fileRef = 41B31B471C2AC50A008FF894 /* ASIDownloadCache.m */; settings = {COMPILER_FLAGS = "-fno-objc-arc"; }; };
		41B31B951C2AC50A008FF894 /* ASIFormDataRequest.m in Sources */ = {isa = PBXBuildFile; fileRef = 41B31B491C2AC50A008FF894 /* ASIFormDataRequest.m */; settings = {COMPILER_FLAGS = "-fno-objc-arc"; }; };
		41B31B961C2AC50A008FF894 /* ASIHTTPRequest.m in Sources */ = {isa = PBXBuildFile; fileRef = 41B31B4B1C2AC50A008FF894 /* ASIHTTPRequest.m */; settings = {COMPILER_FLAGS = "-fno-objc-arc"; }; };
		41B31B971C2AC50A008FF894 /* ASIInputStream.m in Sources */ = {isa = PBXBuildFile; fileRef = 41B31B4F1C2AC50A008FF894 /* ASIInputStream.m */; settings = {COMPILER_FLAGS = "-fno-objc-arc"; }; };
		41B31B981C2AC50A008FF894 /* ASINetworkQueue.m in Sources */ = {isa = PBXBuildFile; fileRef = 41B31B511C2AC50A008FF894 /* ASINetworkQueue.m */; settings = {COMPILER_FLAGS = "-fno-objc-arc"; }; };
		41B31BB71C2AC55A008FF894 /* CFNetwork.framework in Frameworks */ = {isa = PBXBuildFile; fileRef = 41B31BB61C2AC55A008FF894 /* CFNetwork.framework */; };
		41B31BB91C2AC56C008FF894 /* SystemConfiguration.framework in Frameworks */ = {isa = PBXBuildFile; fileRef = 41B31BB81C2AC56C008FF894 /* SystemConfiguration.framework */; };
		41B31BBB1C2AC576008FF894 /* MobileCoreServices.framework in Frameworks */ = {isa = PBXBuildFile; fileRef = 41B31BBA1C2AC576008FF894 /* MobileCoreServices.framework */; };
		41C14DC51C281EEA00BF6DA1 /* PositionsTVController.m in Sources */ = {isa = PBXBuildFile; fileRef = 41C14DC41C281EEA00BF6DA1 /* PositionsTVController.m */; };
/* End PBXBuildFile section */

/* Begin PBXContainerItemProxy section */
		4170FD8D1C18302500300602 /* PBXContainerItemProxy */ = {
			isa = PBXContainerItemProxy;
			containerPortal = 4170FD681C18302500300602 /* Project object */;
			proxyType = 1;
			remoteGlobalIDString = 4170FD6F1C18302500300602;
			remoteInfo = TonyYang;
		};
		4170FD981C18302500300602 /* PBXContainerItemProxy */ = {
			isa = PBXContainerItemProxy;
			containerPortal = 4170FD681C18302500300602 /* Project object */;
			proxyType = 1;
			remoteGlobalIDString = 4170FD6F1C18302500300602;
			remoteInfo = TonyYang;
		};
/* End PBXContainerItemProxy section */

/* Begin PBXFileReference section */
		410859F21C1EEC8D008CA41F /* calender.json */ = {isa = PBXFileReference; fileEncoding = 4; lastKnownFileType = text.json; name = calender.json; path = ../../calender.json; sourceTree = "<group>"; };
		411D706B1C183BEA00507456 /* inputDict.json */ = {isa = PBXFileReference; fileEncoding = 4; lastKnownFileType = text.json; path = inputDict.json; sourceTree = "<group>"; };
		413FD0831C2D0C000070E766 /* libsqlite3.0.tbd */ = {isa = PBXFileReference; lastKnownFileType = "sourcecode.text-based-dylib-definition"; name = libsqlite3.0.tbd; path = usr/lib/libsqlite3.0.tbd; sourceTree = SDKROOT; };
		413FD0851C2D0E0A0070E766 /* TYSQLite.h */ = {isa = PBXFileReference; fileEncoding = 4; lastKnownFileType = sourcecode.c.h; name = TYSQLite.h; path = "Supporting Test Files/TYSQLite.h"; sourceTree = "<group>"; };
		413FD0861C2D0E0A0070E766 /* TYSQLite.m */ = {isa = PBXFileReference; fileEncoding = 4; lastKnownFileType = sourcecode.c.objc; name = TYSQLite.m; path = "Supporting Test Files/TYSQLite.m"; sourceTree = "<group>"; };
		414D67E81C1D2732003A14AE /* LGCalendar.h */ = {isa = PBXFileReference; fileEncoding = 4; lastKnownFileType = sourcecode.c.h; path = LGCalendar.h; sourceTree = "<group>"; };
		414D67E91C1D2732003A14AE /* LGCalendar.m */ = {isa = PBXFileReference; fileEncoding = 4; lastKnownFileType = sourcecode.c.objc; path = LGCalendar.m; sourceTree = "<group>"; };
		414D67EA1C1D2732003A14AE /* LGCalendarButton.h */ = {isa = PBXFileReference; fileEncoding = 4; lastKnownFileType = sourcecode.c.h; path = LGCalendarButton.h; sourceTree = "<group>"; };
		414D67EB1C1D2732003A14AE /* LGCalendarButton.m */ = {isa = PBXFileReference; fileEncoding = 4; lastKnownFileType = sourcecode.c.objc; path = LGCalendarButton.m; sourceTree = "<group>"; };
		414D67EC1C1D2732003A14AE /* LGCalendarCell.h */ = {isa = PBXFileReference; fileEncoding = 4; lastKnownFileType = sourcecode.c.h; path = LGCalendarCell.h; sourceTree = "<group>"; };
		414D67ED1C1D2732003A14AE /* LGCalendarCell.m */ = {isa = PBXFileReference; fileEncoding = 4; lastKnownFileType = sourcecode.c.objc; path = LGCalendarCell.m; sourceTree = "<group>"; };
		414D67EE1C1D2732003A14AE /* LGCalendarHeadView.h */ = {isa = PBXFileReference; fileEncoding = 4; lastKnownFileType = sourcecode.c.h; path = LGCalendarHeadView.h; sourceTree = "<group>"; };
		414D67EF1C1D2732003A14AE /* LGCalendarHeadView.m */ = {isa = PBXFileReference; fileEncoding = 4; lastKnownFileType = sourcecode.c.objc; path = LGCalendarHeadView.m; sourceTree = "<group>"; };
		414D67F01C1D2732003A14AE /* NSDate+calender.h */ = {isa = PBXFileReference; fileEncoding = 4; lastKnownFileType = sourcecode.c.h; path = "NSDate+calender.h"; sourceTree = "<group>"; };
		414D67F11C1D2732003A14AE /* NSDate+calender.m */ = {isa = PBXFileReference; fileEncoding = 4; lastKnownFileType = sourcecode.c.objc; path = "NSDate+calender.m"; sourceTree = "<group>"; };
		414D67F21C1D2732003A14AE /* UIVew+LGExtension.h */ = {isa = PBXFileReference; fileEncoding = 4; lastKnownFileType = sourcecode.c.h; path = "UIVew+LGExtension.h"; sourceTree = "<group>"; };
		414D67F31C1D2732003A14AE /* UIVew+LGExtension.m */ = {isa = PBXFileReference; fileEncoding = 4; lastKnownFileType = sourcecode.c.objc; path = "UIVew+LGExtension.m"; sourceTree = "<group>"; };
		416D462E1C2CC476003D36A5 /* Reachability.h */ = {isa = PBXFileReference; fileEncoding = 4; lastKnownFileType = sourcecode.c.h; path = Reachability.h; sourceTree = "<group>"; };
		416D462F1C2CC476003D36A5 /* Reachability.m */ = {isa = PBXFileReference; fileEncoding = 4; lastKnownFileType = sourcecode.c.objc; path = Reachability.m; sourceTree = "<group>"; };
		416D46311C2CCACD003D36A5 /* libz.1.2.5.tbd */ = {isa = PBXFileReference; lastKnownFileType = "sourcecode.text-based-dylib-definition"; name = libz.1.2.5.tbd; path = usr/lib/libz.1.2.5.tbd; sourceTree = SDKROOT; };
		4170FD701C18302500300602 /* TonyYang.app */ = {isa = PBXFileReference; explicitFileType = wrapper.application; includeInIndex = 0; path = TonyYang.app; sourceTree = BUILT_PRODUCTS_DIR; };
		4170FD741C18302500300602 /* main.m */ = {isa = PBXFileReference; lastKnownFileType = sourcecode.c.objc; path = main.m; sourceTree = "<group>"; };
		4170FD761C18302500300602 /* AppDelegate.h */ = {isa = PBXFileReference; lastKnownFileType = sourcecode.c.h; path = AppDelegate.h; sourceTree = "<group>"; };
		4170FD771C18302500300602 /* AppDelegate.m */ = {isa = PBXFileReference; lastKnownFileType = sourcecode.c.objc; path = AppDelegate.m; sourceTree = "<group>"; };
		4170FD791C18302500300602 /* FirstViewController.h */ = {isa = PBXFileReference; lastKnownFileType = sourcecode.c.h; path = FirstViewController.h; sourceTree = "<group>"; };
		4170FD7A1C18302500300602 /* FirstViewController.m */ = {isa = PBXFileReference; lastKnownFileType = sourcecode.c.objc; path = FirstViewController.m; sourceTree = "<group>"; };
		4170FD7C1C18302500300602 /* HistoryDataTVController.h */ = {isa = PBXFileReference; lastKnownFileType = sourcecode.c.h; path = HistoryDataTVController.h; sourceTree = "<group>"; };
		4170FD7D1C18302500300602 /* HistoryDataTVController.m */ = {isa = PBXFileReference; lastKnownFileType = sourcecode.c.objc; path = HistoryDataTVController.m; sourceTree = "<group>"; };
		4170FD801C18302500300602 /* Base */ = {isa = PBXFileReference; lastKnownFileType = file.storyboard; name = Base; path = Base.lproj/Main.storyboard; sourceTree = "<group>"; };
		4170FD821C18302500300602 /* Assets.xcassets */ = {isa = PBXFileReference; lastKnownFileType = folder.assetcatalog; path = Assets.xcassets; sourceTree = "<group>"; };
		4170FD851C18302500300602 /* Base */ = {isa = PBXFileReference; lastKnownFileType = file.storyboard; name = Base; path = Base.lproj/LaunchScreen.storyboard; sourceTree = "<group>"; };
		4170FD871C18302500300602 /* Info.plist */ = {isa = PBXFileReference; lastKnownFileType = text.plist.xml; path = Info.plist; sourceTree = "<group>"; };
		4170FD8C1C18302500300602 /* TonyYangTests.xctest */ = {isa = PBXFileReference; explicitFileType = wrapper.cfbundle; includeInIndex = 0; path = TonyYangTests.xctest; sourceTree = BUILT_PRODUCTS_DIR; };
		4170FD901C18302500300602 /* TonyYangTests.m */ = {isa = PBXFileReference; lastKnownFileType = sourcecode.c.objc; path = TonyYangTests.m; sourceTree = "<group>"; };
		4170FD921C18302500300602 /* Info.plist */ = {isa = PBXFileReference; lastKnownFileType = text.plist.xml; path = Info.plist; sourceTree = "<group>"; };
		4170FD971C18302500300602 /* TonyYangUITests.xctest */ = {isa = PBXFileReference; explicitFileType = wrapper.cfbundle; includeInIndex = 0; path = TonyYangUITests.xctest; sourceTree = BUILT_PRODUCTS_DIR; };
		4170FD9B1C18302500300602 /* TonyYangUITests.m */ = {isa = PBXFileReference; lastKnownFileType = sourcecode.c.objc; path = TonyYangUITests.m; sourceTree = "<group>"; };
		4170FD9D1C18302500300602 /* Info.plist */ = {isa = PBXFileReference; lastKnownFileType = text.plist.xml; path = Info.plist; sourceTree = "<group>"; };
		4170FDA91C1833C900300602 /* DetailTVController.h */ = {isa = PBXFileReference; fileEncoding = 4; lastKnownFileType = sourcecode.c.h; path = DetailTVController.h; sourceTree = "<group>"; };
		4170FDAA1C1833C900300602 /* DetailTVController.m */ = {isa = PBXFileReference; fileEncoding = 4; lastKnownFileType = sourcecode.c.objc; path = DetailTVController.m; sourceTree = "<group>"; };
		4170FDAC1C18344100300602 /* TYhelper.h */ = {isa = PBXFileReference; fileEncoding = 4; lastKnownFileType = sourcecode.c.h; path = TYhelper.h; sourceTree = "<group>"; };
		4170FDAD1C18344100300602 /* TYhelper.m */ = {isa = PBXFileReference; fileEncoding = 4; lastKnownFileType = sourcecode.c.objc; path = TYhelper.m; sourceTree = "<group>"; };
		417D38041C2E73220077E1D3 /* NotePad.h */ = {isa = PBXFileReference; fileEncoding = 4; lastKnownFileType = sourcecode.c.h; path = NotePad.h; sourceTree = "<group>"; };
		417D38051C2E73220077E1D3 /* NotePad.m */ = {isa = PBXFileReference; fileEncoding = 4; lastKnownFileType = sourcecode.c.objc; path = NotePad.m; sourceTree = "<group>"; };
		41A30E0A1C26682C009DC7A8 /* ActionsTVController.h */ = {isa = PBXFileReference; fileEncoding = 4; lastKnownFileType = sourcecode.c.h; path = ActionsTVController.h; sourceTree = "<group>"; };
		41A30E0B1C26682C009DC7A8 /* ActionsTVController.m */ = {isa = PBXFileReference; fileEncoding = 4; lastKnownFileType = sourcecode.c.objc; path = ActionsTVController.m; sourceTree = "<group>"; };
		41A30E471C26D992009DC7A8 /* ActionDetailTVController.h */ = {isa = PBXFileReference; fileEncoding = 4; lastKnownFileType = sourcecode.c.h; path = ActionDetailTVController.h; sourceTree = "<group>"; };
		41A30E481C26D992009DC7A8 /* ActionDetailTVController.m */ = {isa = PBXFileReference; fileEncoding = 4; lastKnownFileType = sourcecode.c.objc; path = ActionDetailTVController.m; sourceTree = "<group>"; };
		41A64BE01C337B90005C8A02 /* ModifyDetailTVController.h */ = {isa = PBXFileReference; fileEncoding = 4; lastKnownFileType = sourcecode.c.h; name = ModifyDetailTVController.h; path = ../ModifyDetailTVController.h; sourceTree = "<group>"; };
		41A64BE11C337B90005C8A02 /* ModifyDetailTVController.m */ = {isa = PBXFileReference; fileEncoding = 4; lastKnownFileType = sourcecode.c.objc; name = ModifyDetailTVController.m; path = ../ModifyDetailTVController.m; sourceTree = "<group>"; };
		41B31B3F1C2AC50A008FF894 /* ASIAuthenticationDialog.h */ = {isa = PBXFileReference; fileEncoding = 4; lastKnownFileType = sourcecode.c.h; path = ASIAuthenticationDialog.h; sourceTree = "<group>"; };
		41B31B401C2AC50A008FF894 /* ASIAuthenticationDialog.m */ = {isa = PBXFileReference; fileEncoding = 4; lastKnownFileType = sourcecode.c.objc; path = ASIAuthenticationDialog.m; sourceTree = "<group>"; };
		41B31B411C2AC50A008FF894 /* ASICacheDelegate.h */ = {isa = PBXFileReference; fileEncoding = 4; lastKnownFileType = sourcecode.c.h; path = ASICacheDelegate.h; sourceTree = "<group>"; };
		41B31B421C2AC50A008FF894 /* ASIDataCompressor.h */ = {isa = PBXFileReference; fileEncoding = 4; lastKnownFileType = sourcecode.c.h; path = ASIDataCompressor.h; sourceTree = "<group>"; };
		41B31B431C2AC50A008FF894 /* ASIDataCompressor.m */ = {isa = PBXFileReference; fileEncoding = 4; lastKnownFileType = sourcecode.c.objc; path = ASIDataCompressor.m; sourceTree = "<group>"; };
		41B31B441C2AC50A008FF894 /* ASIDataDecompressor.h */ = {isa = PBXFileReference; fileEncoding = 4; lastKnownFileType = sourcecode.c.h; path = ASIDataDecompressor.h; sourceTree = "<group>"; };
		41B31B451C2AC50A008FF894 /* ASIDataDecompressor.m */ = {isa = PBXFileReference; fileEncoding = 4; lastKnownFileType = sourcecode.c.objc; path = ASIDataDecompressor.m; sourceTree = "<group>"; };
		41B31B461C2AC50A008FF894 /* ASIDownloadCache.h */ = {isa = PBXFileReference; fileEncoding = 4; lastKnownFileType = sourcecode.c.h; path = ASIDownloadCache.h; sourceTree = "<group>"; };
		41B31B471C2AC50A008FF894 /* ASIDownloadCache.m */ = {isa = PBXFileReference; fileEncoding = 4; lastKnownFileType = sourcecode.c.objc; path = ASIDownloadCache.m; sourceTree = "<group>"; };
		41B31B481C2AC50A008FF894 /* ASIFormDataRequest.h */ = {isa = PBXFileReference; fileEncoding = 4; lastKnownFileType = sourcecode.c.h; path = ASIFormDataRequest.h; sourceTree = "<group>"; };
		41B31B491C2AC50A008FF894 /* ASIFormDataRequest.m */ = {isa = PBXFileReference; fileEncoding = 4; lastKnownFileType = sourcecode.c.objc; path = ASIFormDataRequest.m; sourceTree = "<group>"; };
		41B31B4A1C2AC50A008FF894 /* ASIHTTPRequest.h */ = {isa = PBXFileReference; fileEncoding = 4; lastKnownFileType = sourcecode.c.h; path = ASIHTTPRequest.h; sourceTree = "<group>"; };
		41B31B4B1C2AC50A008FF894 /* ASIHTTPRequest.m */ = {isa = PBXFileReference; fileEncoding = 4; lastKnownFileType = sourcecode.c.objc; path = ASIHTTPRequest.m; sourceTree = "<group>"; };
		41B31B4C1C2AC50A008FF894 /* ASIHTTPRequestConfig.h */ = {isa = PBXFileReference; fileEncoding = 4; lastKnownFileType = sourcecode.c.h; path = ASIHTTPRequestConfig.h; sourceTree = "<group>"; };
		41B31B4D1C2AC50A008FF894 /* ASIHTTPRequestDelegate.h */ = {isa = PBXFileReference; fileEncoding = 4; lastKnownFileType = sourcecode.c.h; path = ASIHTTPRequestDelegate.h; sourceTree = "<group>"; };
		41B31B4E1C2AC50A008FF894 /* ASIInputStream.h */ = {isa = PBXFileReference; fileEncoding = 4; lastKnownFileType = sourcecode.c.h; path = ASIInputStream.h; sourceTree = "<group>"; };
		41B31B4F1C2AC50A008FF894 /* ASIInputStream.m */ = {isa = PBXFileReference; fileEncoding = 4; lastKnownFileType = sourcecode.c.objc; path = ASIInputStream.m; sourceTree = "<group>"; };
		41B31B501C2AC50A008FF894 /* ASINetworkQueue.h */ = {isa = PBXFileReference; fileEncoding = 4; lastKnownFileType = sourcecode.c.h; path = ASINetworkQueue.h; sourceTree = "<group>"; };
		41B31B511C2AC50A008FF894 /* ASINetworkQueue.m */ = {isa = PBXFileReference; fileEncoding = 4; lastKnownFileType = sourcecode.c.objc; path = ASINetworkQueue.m; sourceTree = "<group>"; };
		41B31B521C2AC50A008FF894 /* ASIProgressDelegate.h */ = {isa = PBXFileReference; fileEncoding = 4; lastKnownFileType = sourcecode.c.h; path = ASIProgressDelegate.h; sourceTree = "<group>"; };
		41B31BB61C2AC55A008FF894 /* CFNetwork.framework */ = {isa = PBXFileReference; lastKnownFileType = wrapper.framework; name = CFNetwork.framework; path = System/Library/Frameworks/CFNetwork.framework; sourceTree = SDKROOT; };
		41B31BB81C2AC56C008FF894 /* SystemConfiguration.framework */ = {isa = PBXFileReference; lastKnownFileType = wrapper.framework; name = SystemConfiguration.framework; path = System/Library/Frameworks/SystemConfiguration.framework; sourceTree = SDKROOT; };
		41B31BBA1C2AC576008FF894 /* MobileCoreServices.framework */ = {isa = PBXFileReference; lastKnownFileType = wrapper.framework; name = MobileCoreServices.framework; path = System/Library/Frameworks/MobileCoreServices.framework; sourceTree = SDKROOT; };
		41C14DC31C281EEA00BF6DA1 /* PositionsTVController.h */ = {isa = PBXFileReference; fileEncoding = 4; lastKnownFileType = sourcecode.c.h; path = PositionsTVController.h; sourceTree = "<group>"; };
		41C14DC41C281EEA00BF6DA1 /* PositionsTVController.m */ = {isa = PBXFileReference; fileEncoding = 4; lastKnownFileType = sourcecode.c.objc; path = PositionsTVController.m; sourceTree = "<group>"; };
/* End PBXFileReference section */

/* Begin PBXFrameworksBuildPhase section */
		4170FD6D1C18302500300602 /* Frameworks */ = {
			isa = PBXFrameworksBuildPhase;
			buildActionMask = 2147483647;
			files = (
				413FD0841C2D0C000070E766 /* libsqlite3.0.tbd in Frameworks */,
				416D46321C2CCACD003D36A5 /* libz.1.2.5.tbd in Frameworks */,
				41B31BBB1C2AC576008FF894 /* MobileCoreServices.framework in Frameworks */,
				41B31BB91C2AC56C008FF894 /* SystemConfiguration.framework in Frameworks */,
				41B31BB71C2AC55A008FF894 /* CFNetwork.framework in Frameworks */,
			);
			runOnlyForDeploymentPostprocessing = 0;
		};
		4170FD891C18302500300602 /* Frameworks */ = {
			isa = PBXFrameworksBuildPhase;
			buildActionMask = 2147483647;
			files = (
			);
			runOnlyForDeploymentPostprocessing = 0;
		};
		4170FD941C18302500300602 /* Frameworks */ = {
			isa = PBXFrameworksBuildPhase;
			buildActionMask = 2147483647;
			files = (
			);
			runOnlyForDeploymentPostprocessing = 0;
		};
/* End PBXFrameworksBuildPhase section */

/* Begin PBXGroup section */
		411D706A1C183BC500507456 /* Supporting Test Files */ = {
			isa = PBXGroup;
			children = (
				410859F21C1EEC8D008CA41F /* calender.json */,
				411D706B1C183BEA00507456 /* inputDict.json */,
			);
			path = "Supporting Test Files";
			sourceTree = "<group>";
		};
		414D67E71C1D2732003A14AE /* calender */ = {
			isa = PBXGroup;
			children = (
				414D67E81C1D2732003A14AE /* LGCalendar.h */,
				414D67E91C1D2732003A14AE /* LGCalendar.m */,
				414D67EC1C1D2732003A14AE /* LGCalendarCell.h */,
				414D67ED1C1D2732003A14AE /* LGCalendarCell.m */,
				414D67EE1C1D2732003A14AE /* LGCalendarHeadView.h */,
				414D67EF1C1D2732003A14AE /* LGCalendarHeadView.m */,
				414D67EA1C1D2732003A14AE /* LGCalendarButton.h */,
				414D67EB1C1D2732003A14AE /* LGCalendarButton.m */,
				414D67F01C1D2732003A14AE /* NSDate+calender.h */,
				414D67F11C1D2732003A14AE /* NSDate+calender.m */,
				414D67F21C1D2732003A14AE /* UIVew+LGExtension.h */,
				414D67F31C1D2732003A14AE /* UIVew+LGExtension.m */,
			);
			path = calender;
			sourceTree = "<group>";
		};
		416D462D1C2CC476003D36A5 /* Reachability */ = {
			isa = PBXGroup;
			children = (
				416D462E1C2CC476003D36A5 /* Reachability.h */,
				416D462F1C2CC476003D36A5 /* Reachability.m */,
			);
			path = Reachability;
			sourceTree = "<group>";
		};
		4170FD671C18302500300602 = {
			isa = PBXGroup;
			children = (
				416D462D1C2CC476003D36A5 /* Reachability */,
				41B31B3E1C2AC50A008FF894 /* Classes */,
				414D67E71C1D2732003A14AE /* calender */,
				4170FD721C18302500300602 /* TonyYang */,
				4170FD8F1C18302500300602 /* TonyYangTests */,
				4170FD9A1C18302500300602 /* TonyYangUITests */,
				4170FD711C18302500300602 /* Products */,
				41B31BB81C2AC56C008FF894 /* SystemConfiguration.framework */,
				41B31BBA1C2AC576008FF894 /* MobileCoreServices.framework */,
				41B31BB61C2AC55A008FF894 /* CFNetwork.framework */,
				416D46311C2CCACD003D36A5 /* libz.1.2.5.tbd */,
				413FD0831C2D0C000070E766 /* libsqlite3.0.tbd */,
			);
			sourceTree = "<group>";
		};
		4170FD711C18302500300602 /* Products */ = {
			isa = PBXGroup;
			children = (
				4170FD701C18302500300602 /* TonyYang.app */,
				4170FD8C1C18302500300602 /* TonyYangTests.xctest */,
				4170FD971C18302500300602 /* TonyYangUITests.xctest */,
			);
			name = Products;
			sourceTree = "<group>";
		};
		4170FD721C18302500300602 /* TonyYang */ = {
			isa = PBXGroup;
			children = (
				4170FD761C18302500300602 /* AppDelegate.h */,
				4170FD771C18302500300602 /* AppDelegate.m */,
				4170FD791C18302500300602 /* FirstViewController.h */,
				4170FD7A1C18302500300602 /* FirstViewController.m */,
				4170FD7C1C18302500300602 /* HistoryDataTVController.h */,
				4170FD7D1C18302500300602 /* HistoryDataTVController.m */,
				4170FDA91C1833C900300602 /* DetailTVController.h */,
				4170FDAA1C1833C900300602 /* DetailTVController.m */,
				41C14DC31C281EEA00BF6DA1 /* PositionsTVController.h */,
				41C14DC41C281EEA00BF6DA1 /* PositionsTVController.m */,
				41A30E0A1C26682C009DC7A8 /* ActionsTVController.h */,
				41A30E0B1C26682C009DC7A8 /* ActionsTVController.m */,
				41A30E471C26D992009DC7A8 /* ActionDetailTVController.h */,
				41A30E481C26D992009DC7A8 /* ActionDetailTVController.m */,
				41A64BE01C337B90005C8A02 /* ModifyDetailTVController.h */,
				41A64BE11C337B90005C8A02 /* ModifyDetailTVController.m */,
				4170FD7F1C18302500300602 /* Main.storyboard */,
				4170FD821C18302500300602 /* Assets.xcassets */,
				4170FD841C18302500300602 /* LaunchScreen.storyboard */,
				4170FD871C18302500300602 /* Info.plist */,
				411D706A1C183BC500507456 /* Supporting Test Files */,
				4170FD731C18302500300602 /* Supporting Files */,
			);
			path = TonyYang;
			sourceTree = "<group>";
		};
		4170FD731C18302500300602 /* Supporting Files */ = {
			isa = PBXGroup;
			children = (
				417D38041C2E73220077E1D3 /* NotePad.h */,
				417D38051C2E73220077E1D3 /* NotePad.m */,
				413FD0851C2D0E0A0070E766 /* TYSQLite.h */,
				413FD0861C2D0E0A0070E766 /* TYSQLite.m */,
				4170FDAC1C18344100300602 /* TYhelper.h */,
				4170FDAD1C18344100300602 /* TYhelper.m */,
				4170FD741C18302500300602 /* main.m */,
			);
			name = "Supporting Files";
			sourceTree = "<group>";
		};
		4170FD8F1C18302500300602 /* TonyYangTests */ = {
			isa = PBXGroup;
			children = (
				4170FD901C18302500300602 /* TonyYangTests.m */,
				4170FD921C18302500300602 /* Info.plist */,
			);
			path = TonyYangTests;
			sourceTree = "<group>";
		};
		4170FD9A1C18302500300602 /* TonyYangUITests */ = {
			isa = PBXGroup;
			children = (
				4170FD9B1C18302500300602 /* TonyYangUITests.m */,
				4170FD9D1C18302500300602 /* Info.plist */,
			);
			path = TonyYangUITests;
			sourceTree = "<group>";
		};
		41B31B3E1C2AC50A008FF894 /* Classes */ = {
			isa = PBXGroup;
			children = (
				41B31B3F1C2AC50A008FF894 /* ASIAuthenticationDialog.h */,
				41B31B401C2AC50A008FF894 /* ASIAuthenticationDialog.m */,
				41B31B411C2AC50A008FF894 /* ASICacheDelegate.h */,
				41B31B421C2AC50A008FF894 /* ASIDataCompressor.h */,
				41B31B431C2AC50A008FF894 /* ASIDataCompressor.m */,
				41B31B441C2AC50A008FF894 /* ASIDataDecompressor.h */,
				41B31B451C2AC50A008FF894 /* ASIDataDecompressor.m */,
				41B31B461C2AC50A008FF894 /* ASIDownloadCache.h */,
				41B31B471C2AC50A008FF894 /* ASIDownloadCache.m */,
				41B31B481C2AC50A008FF894 /* ASIFormDataRequest.h */,
				41B31B491C2AC50A008FF894 /* ASIFormDataRequest.m */,
				41B31B4A1C2AC50A008FF894 /* ASIHTTPRequest.h */,
				41B31B4B1C2AC50A008FF894 /* ASIHTTPRequest.m */,
				41B31B4C1C2AC50A008FF894 /* ASIHTTPRequestConfig.h */,
				41B31B4D1C2AC50A008FF894 /* ASIHTTPRequestDelegate.h */,
				41B31B4E1C2AC50A008FF894 /* ASIInputStream.h */,
				41B31B4F1C2AC50A008FF894 /* ASIInputStream.m */,
				41B31B501C2AC50A008FF894 /* ASINetworkQueue.h */,
				41B31B511C2AC50A008FF894 /* ASINetworkQueue.m */,
				41B31B521C2AC50A008FF894 /* ASIProgressDelegate.h */,
			);
			path = Classes;
			sourceTree = "<group>";
		};
/* End PBXGroup section */

/* Begin PBXNativeTarget section */
		4170FD6F1C18302500300602 /* TonyYang */ = {
			isa = PBXNativeTarget;
			buildConfigurationList = 4170FDA01C18302500300602 /* Build configuration list for PBXNativeTarget "TonyYang" */;
			buildPhases = (
				4170FD6C1C18302500300602 /* Sources */,
				4170FD6D1C18302500300602 /* Frameworks */,
				4170FD6E1C18302500300602 /* Resources */,
			);
			buildRules = (
			);
			dependencies = (
			);
			name = TonyYang;
			productName = TonyYang;
			productReference = 4170FD701C18302500300602 /* TonyYang.app */;
			productType = "com.apple.product-type.application";
		};
		4170FD8B1C18302500300602 /* TonyYangTests */ = {
			isa = PBXNativeTarget;
			buildConfigurationList = 4170FDA31C18302500300602 /* Build configuration list for PBXNativeTarget "TonyYangTests" */;
			buildPhases = (
				4170FD881C18302500300602 /* Sources */,
				4170FD891C18302500300602 /* Frameworks */,
				4170FD8A1C18302500300602 /* Resources */,
			);
			buildRules = (
			);
			dependencies = (
				4170FD8E1C18302500300602 /* PBXTargetDependency */,
			);
			name = TonyYangTests;
			productName = TonyYangTests;
			productReference = 4170FD8C1C18302500300602 /* TonyYangTests.xctest */;
			productType = "com.apple.product-type.bundle.unit-test";
		};
		4170FD961C18302500300602 /* TonyYangUITests */ = {
			isa = PBXNativeTarget;
			buildConfigurationList = 4170FDA61C18302500300602 /* Build configuration list for PBXNativeTarget "TonyYangUITests" */;
			buildPhases = (
				4170FD931C18302500300602 /* Sources */,
				4170FD941C18302500300602 /* Frameworks */,
				4170FD951C18302500300602 /* Resources */,
			);
			buildRules = (
			);
			dependencies = (
				4170FD991C18302500300602 /* PBXTargetDependency */,
			);
			name = TonyYangUITests;
			productName = TonyYangUITests;
			productReference = 4170FD971C18302500300602 /* TonyYangUITests.xctest */;
			productType = "com.apple.product-type.bundle.ui-testing";
		};
/* End PBXNativeTarget section */

/* Begin PBXProject section */
		4170FD681C18302500300602 /* Project object */ = {
			isa = PBXProject;
			attributes = {
				LastUpgradeCheck = 0710;
				ORGANIZATIONNAME = Geass;
				TargetAttributes = {
					4170FD6F1C18302500300602 = {
						CreatedOnToolsVersion = 7.1.1;
					};
					4170FD8B1C18302500300602 = {
						CreatedOnToolsVersion = 7.1.1;
						TestTargetID = 4170FD6F1C18302500300602;
					};
					4170FD961C18302500300602 = {
						CreatedOnToolsVersion = 7.1.1;
						TestTargetID = 4170FD6F1C18302500300602;
					};
				};
			};
			buildConfigurationList = 4170FD6B1C18302500300602 /* Build configuration list for PBXProject "TonyYang" */;
			compatibilityVersion = "Xcode 3.2";
			developmentRegion = English;
			hasScannedForEncodings = 0;
			knownRegions = (
				en,
				Base,
			);
			mainGroup = 4170FD671C18302500300602;
			productRefGroup = 4170FD711C18302500300602 /* Products */;
			projectDirPath = "";
			projectRoot = "";
			targets = (
				4170FD6F1C18302500300602 /* TonyYang */,
				4170FD8B1C18302500300602 /* TonyYangTests */,
				4170FD961C18302500300602 /* TonyYangUITests */,
			);
		};
/* End PBXProject section */

/* Begin PBXResourcesBuildPhase section */
		4170FD6E1C18302500300602 /* Resources */ = {
			isa = PBXResourcesBuildPhase;
			buildActionMask = 2147483647;
			files = (
				4170FD861C18302500300602 /* LaunchScreen.storyboard in Resources */,
				4170FD831C18302500300602 /* Assets.xcassets in Resources */,
				411D706C1C183BEA00507456 /* inputDict.json in Resources */,
				4170FD811C18302500300602 /* Main.storyboard in Resources */,
				410859F31C1EEC8D008CA41F /* calender.json in Resources */,
			);
			runOnlyForDeploymentPostprocessing = 0;
		};
		4170FD8A1C18302500300602 /* Resources */ = {
			isa = PBXResourcesBuildPhase;
			buildActionMask = 2147483647;
			files = (
			);
			runOnlyForDeploymentPostprocessing = 0;
		};
		4170FD951C18302500300602 /* Resources */ = {
			isa = PBXResourcesBuildPhase;
			buildActionMask = 2147483647;
			files = (
			);
			runOnlyForDeploymentPostprocessing = 0;
		};
/* End PBXResourcesBuildPhase section */

/* Begin PBXSourcesBuildPhase section */
		4170FD6C1C18302500300602 /* Sources */ = {
			isa = PBXSourcesBuildPhase;
			buildActionMask = 2147483647;
			files = (
				414D67F71C1D2732003A14AE /* LGCalendarHeadView.m in Sources */,
				41B31B941C2AC50A008FF894 /* ASIDownloadCache.m in Sources */,
				414D67F51C1D2732003A14AE /* LGCalendarButton.m in Sources */,
				416D46301C2CC476003D36A5 /* Reachability.m in Sources */,
				4170FDAB1C1833C900300602 /* DetailTVController.m in Sources */,
				41B31B961C2AC50A008FF894 /* ASIHTTPRequest.m in Sources */,
				414D67F81C1D2732003A14AE /* NSDate+calender.m in Sources */,
				4170FD7E1C18302500300602 /* HistoryDataTVController.m in Sources */,
				41A64BE21C337B90005C8A02 /* ModifyDetailTVController.m in Sources */,
				41B31B981C2AC50A008FF894 /* ASINetworkQueue.m in Sources */,
				41B31B951C2AC50A008FF894 /* ASIFormDataRequest.m in Sources */,
				41B31B931C2AC50A008FF894 /* ASIDataDecompressor.m in Sources */,
				414D67F91C1D2732003A14AE /* UIVew+LGExtension.m in Sources */,
				4170FD781C18302500300602 /* AppDelegate.m in Sources */,
				414D67F41C1D2732003A14AE /* LGCalendar.m in Sources */,
				41B31B971C2AC50A008FF894 /* ASIInputStream.m in Sources */,
				41A30E0C1C26682C009DC7A8 /* ActionsTVController.m in Sources */,
				4170FD7B1C18302500300602 /* FirstViewController.m in Sources */,
				4170FDAE1C18344100300602 /* TYhelper.m in Sources */,
				417D38061C2E73220077E1D3 /* NotePad.m in Sources */,
				41B31B921C2AC50A008FF894 /* ASIDataCompressor.m in Sources */,
				41B31B911C2AC50A008FF894 /* ASIAuthenticationDialog.m in Sources */,
				41A30E491C26D992009DC7A8 /* ActionDetailTVController.m in Sources */,
				414D67F61C1D2732003A14AE /* LGCalendarCell.m in Sources */,
				41C14DC51C281EEA00BF6DA1 /* PositionsTVController.m in Sources */,
				4170FD751C18302500300602 /* main.m in Sources */,
				413FD0871C2D0E0A0070E766 /* TYSQLite.m in Sources */,
			);
			runOnlyForDeploymentPostprocessing = 0;
		};
		4170FD881C18302500300602 /* Sources */ = {
			isa = PBXSourcesBuildPhase;
			buildActionMask = 2147483647;
			files = (
				4170FD911C18302500300602 /* TonyYangTests.m in Sources */,
			);
			runOnlyForDeploymentPostprocessing = 0;
		};
		4170FD931C18302500300602 /* Sources */ = {
			isa = PBXSourcesBuildPhase;
			buildActionMask = 2147483647;
			files = (
				4170FD9C1C18302500300602 /* TonyYangUITests.m in Sources */,
			);
			runOnlyForDeploymentPostprocessing = 0;
		};
/* End PBXSourcesBuildPhase section */

/* Begin PBXTargetDependency section */
		4170FD8E1C18302500300602 /* PBXTargetDependency */ = {
			isa = PBXTargetDependency;
			target = 4170FD6F1C18302500300602 /* TonyYang */;
			targetProxy = 4170FD8D1C18302500300602 /* PBXContainerItemProxy */;
		};
		4170FD991C18302500300602 /* PBXTargetDependency */ = {
			isa = PBXTargetDependency;
			target = 4170FD6F1C18302500300602 /* TonyYang */;
			targetProxy = 4170FD981C18302500300602 /* PBXContainerItemProxy */;
		};
/* End PBXTargetDependency section */

/* Begin PBXVariantGroup section */
		4170FD7F1C18302500300602 /* Main.storyboard */ = {
			isa = PBXVariantGroup;
			children = (
				4170FD801C18302500300602 /* Base */,
			);
			name = Main.storyboard;
			sourceTree = "<group>";
		};
		4170FD841C18302500300602 /* LaunchScreen.storyboard */ = {
			isa = PBXVariantGroup;
			children = (
				4170FD851C18302500300602 /* Base */,
			);
			name = LaunchScreen.storyboard;
			sourceTree = "<group>";
		};
/* End PBXVariantGroup section */

/* Begin XCBuildConfiguration section */
		4170FD9E1C18302500300602 /* Debug */ = {
			isa = XCBuildConfiguration;
			buildSettings = {
				ALWAYS_SEARCH_USER_PATHS = NO;
				CLANG_CXX_LANGUAGE_STANDARD = "gnu++0x";
				CLANG_CXX_LIBRARY = "libc++";
				CLANG_ENABLE_MODULES = YES;
				CLANG_ENABLE_OBJC_ARC = YES;
				CLANG_WARN_BOOL_CONVERSION = YES;
				CLANG_WARN_CONSTANT_CONVERSION = YES;
				CLANG_WARN_DIRECT_OBJC_ISA_USAGE = YES_ERROR;
				CLANG_WARN_EMPTY_BODY = YES;
				CLANG_WARN_ENUM_CONVERSION = YES;
				CLANG_WARN_INT_CONVERSION = YES;
				CLANG_WARN_OBJC_ROOT_CLASS = YES_ERROR;
				CLANG_WARN_UNREACHABLE_CODE = YES;
				CLANG_WARN__DUPLICATE_METHOD_MATCH = YES;
				"CODE_SIGN_IDENTITY[sdk=iphoneos*]" = "iPhone Developer";
				COPY_PHASE_STRIP = NO;
				DEBUG_INFORMATION_FORMAT = dwarf;
				ENABLE_STRICT_OBJC_MSGSEND = YES;
				ENABLE_TESTABILITY = YES;
				GCC_C_LANGUAGE_STANDARD = gnu99;
				GCC_DYNAMIC_NO_PIC = NO;
				GCC_NO_COMMON_BLOCKS = YES;
				GCC_OPTIMIZATION_LEVEL = 0;
				GCC_PREPROCESSOR_DEFINITIONS = (
					"DEBUG=1",
					"$(inherited)",
				);
				GCC_WARN_64_TO_32_BIT_CONVERSION = YES;
				GCC_WARN_ABOUT_RETURN_TYPE = YES_ERROR;
				GCC_WARN_UNDECLARED_SELECTOR = YES;
				GCC_WARN_UNINITIALIZED_AUTOS = YES_AGGRESSIVE;
				GCC_WARN_UNUSED_FUNCTION = YES;
				GCC_WARN_UNUSED_VARIABLE = YES;
				IPHONEOS_DEPLOYMENT_TARGET = 9.1;
				MTL_ENABLE_DEBUG_INFO = YES;
				ONLY_ACTIVE_ARCH = YES;
				SDKROOT = iphoneos;
			};
			name = Debug;
		};
		4170FD9F1C18302500300602 /* Release */ = {
			isa = XCBuildConfiguration;
			buildSettings = {
				ALWAYS_SEARCH_USER_PATHS = NO;
				CLANG_CXX_LANGUAGE_STANDARD = "gnu++0x";
				CLANG_CXX_LIBRARY = "libc++";
				CLANG_ENABLE_MODULES = YES;
				CLANG_ENABLE_OBJC_ARC = YES;
				CLANG_WARN_BOOL_CONVERSION = YES;
				CLANG_WARN_CONSTANT_CONVERSION = YES;
				CLANG_WARN_DIRECT_OBJC_ISA_USAGE = YES_ERROR;
				CLANG_WARN_EMPTY_BODY = YES;
				CLANG_WARN_ENUM_CONVERSION = YES;
				CLANG_WARN_INT_CONVERSION = YES;
				CLANG_WARN_OBJC_ROOT_CLASS = YES_ERROR;
				CLANG_WARN_UNREACHABLE_CODE = YES;
				CLANG_WARN__DUPLICATE_METHOD_MATCH = YES;
				"CODE_SIGN_IDENTITY[sdk=iphoneos*]" = "iPhone Developer";
				COPY_PHASE_STRIP = NO;
				DEBUG_INFORMATION_FORMAT = "dwarf-with-dsym";
				ENABLE_NS_ASSERTIONS = NO;
				ENABLE_STRICT_OBJC_MSGSEND = YES;
				GCC_C_LANGUAGE_STANDARD = gnu99;
				GCC_NO_COMMON_BLOCKS = YES;
				GCC_WARN_64_TO_32_BIT_CONVERSION = YES;
				GCC_WARN_ABOUT_RETURN_TYPE = YES_ERROR;
				GCC_WARN_UNDECLARED_SELECTOR = YES;
				GCC_WARN_UNINITIALIZED_AUTOS = YES_AGGRESSIVE;
				GCC_WARN_UNUSED_FUNCTION = YES;
				GCC_WARN_UNUSED_VARIABLE = YES;
				IPHONEOS_DEPLOYMENT_TARGET = 9.1;
				MTL_ENABLE_DEBUG_INFO = NO;
				SDKROOT = iphoneos;
				VALIDATE_PRODUCT = YES;
			};
			name = Release;
		};
		4170FDA11C18302500300602 /* Debug */ = {
			isa = XCBuildConfiguration;
			buildSettings = {
				ASSETCATALOG_COMPILER_APPICON_NAME = AppIcon;
				CLANG_ENABLE_OBJC_ARC = YES;
				INFOPLIST_FILE = TonyYang/Info.plist;
				LD_RUNPATH_SEARCH_PATHS = "$(inherited) @executable_path/Frameworks";
				PRODUCT_BUNDLE_IDENTIFIER = com.geass.TonyYang;
				PRODUCT_MODULE_NAME = TonyYang;
				PRODUCT_NAME = "$(TARGET_NAME)";
			};
			name = Debug;
		};
		4170FDA21C18302500300602 /* Release */ = {
			isa = XCBuildConfiguration;
			buildSettings = {
				ASSETCATALOG_COMPILER_APPICON_NAME = AppIcon;
				CLANG_ENABLE_OBJC_ARC = YES;
				INFOPLIST_FILE = TonyYang/Info.plist;
				LD_RUNPATH_SEARCH_PATHS = "$(inherited) @executable_path/Frameworks";
				PRODUCT_BUNDLE_IDENTIFIER = com.geass.TonyYang;
				PRODUCT_MODULE_NAME = TonyYang;
				PRODUCT_NAME = "$(TARGET_NAME)";
			};
			name = Release;
		};
		4170FDA41C18302500300602 /* Debug */ = {
			isa = XCBuildConfiguration;
			buildSettings = {
				BUNDLE_LOADER = "$(TEST_HOST)";
				INFOPLIST_FILE = TonyYangTests/Info.plist;
				LD_RUNPATH_SEARCH_PATHS = "$(inherited) @executable_path/Frameworks @loader_path/Frameworks";
				PRODUCT_BUNDLE_IDENTIFIER = com.geass.TonyYangTests;
				PRODUCT_NAME = "$(TARGET_NAME)";
				TEST_HOST = "$(BUILT_PRODUCTS_DIR)/TonyYang.app/TonyYang";
			};
			name = Debug;
		};
		4170FDA51C18302500300602 /* Release */ = {
			isa = XCBuildConfiguration;
			buildSettings = {
				BUNDLE_LOADER = "$(TEST_HOST)";
				INFOPLIST_FILE = TonyYangTests/Info.plist;
				LD_RUNPATH_SEARCH_PATHS = "$(inherited) @executable_path/Frameworks @loader_path/Frameworks";
				PRODUCT_BUNDLE_IDENTIFIER = com.geass.TonyYangTests;
				PRODUCT_NAME = "$(TARGET_NAME)";
				TEST_HOST = "$(BUILT_PRODUCTS_DIR)/TonyYang.app/TonyYang";
			};
			name = Release;
		};
		4170FDA71C18302500300602 /* Debug */ = {
			isa = XCBuildConfiguration;
			buildSettings = {
				INFOPLIST_FILE = TonyYangUITests/Info.plist;
				LD_RUNPATH_SEARCH_PATHS = "$(inherited) @executable_path/Frameworks @loader_path/Frameworks";
				PRODUCT_BUNDLE_IDENTIFIER = com.geass.TonyYangUITests;
				PRODUCT_NAME = "$(TARGET_NAME)";
				TEST_TARGET_NAME = TonyYang;
				USES_XCTRUNNER = YES;
			};
			name = Debug;
		};
		4170FDA81C18302500300602 /* Release */ = {
			isa = XCBuildConfiguration;
			buildSettings = {
				INFOPLIST_FILE = TonyYangUITests/Info.plist;
				LD_RUNPATH_SEARCH_PATHS = "$(inherited) @executable_path/Frameworks @loader_path/Frameworks";
				PRODUCT_BUNDLE_IDENTIFIER = com.geass.TonyYangUITests;
				PRODUCT_NAME = "$(TARGET_NAME)";
				TEST_TARGET_NAME = TonyYang;
				USES_XCTRUNNER = YES;
			};
			name = Release;
		};
/* End XCBuildConfiguration section */

/* Begin XCConfigurationList section */
		4170FD6B1C18302500300602 /* Build configuration list for PBXProject "TonyYang" */ = {
			isa = XCConfigurationList;
			buildConfigurations = (
				4170FD9E1C18302500300602 /* Debug */,
				4170FD9F1C18302500300602 /* Release */,
			);
			defaultConfigurationIsVisible = 0;
			defaultConfigurationName = Release;
		};
		4170FDA01C18302500300602 /* Build configuration list for PBXNativeTarget "TonyYang" */ = {
			isa = XCConfigurationList;
			buildConfigurations = (
				4170FDA11C18302500300602 /* Debug */,
				4170FDA21C18302500300602 /* Release */,
			);
			defaultConfigurationIsVisible = 0;
			defaultConfigurationName = Release;
		};
		4170FDA31C18302500300602 /* Build configuration list for PBXNativeTarget "TonyYangTests" */ = {
			isa = XCConfigurationList;
			buildConfigurations = (
				4170FDA41C18302500300602 /* Debug */,
				4170FDA51C18302500300602 /* Release */,
			);
			defaultConfigurationIsVisible = 0;
			defaultConfigurationName = Release;
		};
		4170FDA61C18302500300602 /* Build configuration list for PBXNativeTarget "TonyYangUITests" */ = {
			isa = XCConfigurationList;
			buildConfigurations = (
				4170FDA71C18302500300602 /* Debug */,
				4170FDA81C18302500300602 /* Release */,
			);
			defaultConfigurationIsVisible = 0;
			defaultConfigurationName = Release;
		};
/* End XCConfigurationList section */
	};
	rootObject = 4170FD681C18302500300602 /* Project object */;
}
